
Microsoft Visual Studio Solution File, Format Version 12.00
# Visual Studio 15
VisualStudioVersion = 15.0.28010.2036
MinimumVisualStudioVersion = 10.0.40219.1
Project("{FAE04EC0-301F-11D3-BF4B-00C04F79EFBC}") = "GameClient", "GameClient\GameClient.csproj", "{8754599D-7BFD-49F8-9781-CD386C09BFD4}"
EndProject
Project("{2150E333-8FDC-42A3-9474-1A3956D46DE8}") = "Solution Items", "Solution Items", "{89533754-4CFB-4052-8ECB-976A263618D5}"
	ProjectSection(SolutionItems) = preProject
		LICENSE.md = LICENSE.md
		README.md = README.md
	EndProjectSection
EndProject
Global
	GlobalSection(SolutionConfigurationPlatforms) = preSolution
		Debug|x86 = Debug|x86
		Release|x86 = Release|x86
	EndGlobalSection
	GlobalSection(ProjectConfigurationPlatforms) = postSolution
		{8754599D-7BFD-49F8-9781-CD386C09BFD4}.Debug|x86.ActiveCfg = Debug|x86
		{8754599D-7BFD-49F8-9781-CD386C09BFD4}.Debug|x86.Build.0 = Debug|x86
		{8754599D-7BFD-49F8-9781-CD386C09BFD4}.Release|x86.ActiveCfg = Release|x86
		{8754599D-7BFD-49F8-9781-CD386C09BFD4}.Release|x86.Build.0 = Release|x86
	EndGlobalSection
	GlobalSection(SolutionProperties) = preSolution
		HideSolutionNode = FALSE
	EndGlobalSection
	GlobalSection(ExtensibilityGlobals) = postSolution
		SolutionGuid = {F056E2A7-F255-48ED-B444-6ECDB11F2C67}
	EndGlobalSection
EndGlobal
